// !$*UTF8*$!
{
	archiveVersion = 1;
	classes = {
	};
	objectVersion = 50;
	objects = {

/* Begin PBXBuildFile section */
		194DCDC025CB006000172860 /* AppDelegate.swift in Sources */ = {isa = PBXBuildFile; fileRef = 194DCDBF25CB006000172860 /* AppDelegate.swift */; };
		194DCDC325CB006000172860 /* Main.storyboard in Resources */ = {isa = PBXBuildFile; fileRef = 194DCDC125CB006000172860 /* Main.storyboard */; };
		194DCDC525CB006000172860 /* ViewController.swift in Sources */ = {isa = PBXBuildFile; fileRef = 194DCDC425CB006000172860 /* ViewController.swift */; };
		194DCDC725CB006200172860 /* Assets.xcassets in Resources */ = {isa = PBXBuildFile; fileRef = 194DCDC625CB006200172860 /* Assets.xcassets */; };
		194DCDCE25CB006200172860 /* Pesticide for Safari Extension.appex in Embed App Extensions */ = {isa = PBXBuildFile; fileRef = 194DCDCD25CB006200172860 /* Pesticide for Safari Extension.appex */; settings = {ATTRIBUTES = (RemoveHeadersOnCopy, ); }; };
		194DCDD325CB006200172860 /* Cocoa.framework in Frameworks */ = {isa = PBXBuildFile; fileRef = 194DCDD225CB006200172860 /* Cocoa.framework */; };
		194DCDD625CB006200172860 /* SafariWebExtensionHandler.swift in Sources */ = {isa = PBXBuildFile; fileRef = 194DCDD525CB006200172860 /* SafariWebExtensionHandler.swift */; };
		194DCDEC25CB006300172860 /* pesticide-injector.js in Resources */ = {isa = PBXBuildFile; fileRef = 194DCDE325CB006300172860 /* pesticide-injector.js */; };
		194DCDED25CB006300172860 /* images in Resources */ = {isa = PBXBuildFile; fileRef = 194DCDE425CB006300172860 /* images */; };
		194DCDF125CB006300172860 /* pesticide.min.css in Resources */ = {isa = PBXBuildFile; fileRef = 194DCDE825CB006300172860 /* pesticide.min.css */; };
		194DCDF325CB006300172860 /* manifest.json in Resources */ = {isa = PBXBuildFile; fileRef = 194DCDEA25CB006300172860 /* manifest.json */; };
		199F68F025CB4AB2004E1766 /* _locales in Resources */ = {isa = PBXBuildFile; fileRef = 199F68EF25CB4AB2004E1766 /* _locales */; };
		199F68F825CB509D004E1766 /* background.js in Resources */ = {isa = PBXBuildFile; fileRef = 199F68F725CB509D004E1766 /* background.js */; };
/* End PBXBuildFile section */

/* Begin PBXContainerItemProxy section */
		194DCDCF25CB006200172860 /* PBXContainerItemProxy */ = {
			isa = PBXContainerItemProxy;
			containerPortal = 194DCDB325CB006000172860 /* Project object */;
			proxyType = 1;
			remoteGlobalIDString = 194DCDCC25CB006200172860;
			remoteInfo = "Pesticide for Safari Extension";
		};
/* End PBXContainerItemProxy section */

/* Begin PBXCopyFilesBuildPhase section */
		194DCDDE25CB006200172860 /* Embed App Extensions */ = {
			isa = PBXCopyFilesBuildPhase;
			buildActionMask = 2147483647;
			dstPath = "";
			dstSubfolderSpec = 13;
			files = (
				194DCDCE25CB006200172860 /* Pesticide for Safari Extension.appex in Embed App Extensions */,
			);
			name = "Embed App Extensions";
			runOnlyForDeploymentPostprocessing = 0;
		};
/* End PBXCopyFilesBuildPhase section */

/* Begin PBXFileReference section */
		194DCDBB25CB006000172860 /* Pesticide for Safari.app */ = {isa = PBXFileReference; explicitFileType = wrapper.application; includeInIndex = 0; path = "Pesticide for Safari.app"; sourceTree = BUILT_PRODUCTS_DIR; };
		194DCDBE25CB006000172860 /* Pesticide_for_Safari.entitlements */ = {isa = PBXFileReference; lastKnownFileType = text.plist.entitlements; path = Pesticide_for_Safari.entitlements; sourceTree = "<group>"; };
		194DCDBF25CB006000172860 /* AppDelegate.swift */ = {isa = PBXFileReference; lastKnownFileType = sourcecode.swift; path = AppDelegate.swift; sourceTree = "<group>"; };
		194DCDC225CB006000172860 /* Base */ = {isa = PBXFileReference; lastKnownFileType = file.storyboard; name = Base; path = Base.lproj/Main.storyboard; sourceTree = "<group>"; };
		194DCDC425CB006000172860 /* ViewController.swift */ = {isa = PBXFileReference; lastKnownFileType = sourcecode.swift; path = ViewController.swift; sourceTree = "<group>"; };
		194DCDC625CB006200172860 /* Assets.xcassets */ = {isa = PBXFileReference; lastKnownFileType = folder.assetcatalog; path = Assets.xcassets; sourceTree = "<group>"; };
		194DCDC825CB006200172860 /* Info.plist */ = {isa = PBXFileReference; lastKnownFileType = text.plist.xml; path = Info.plist; sourceTree = "<group>"; };
		194DCDCD25CB006200172860 /* Pesticide for Safari Extension.appex */ = {isa = PBXFileReference; explicitFileType = "wrapper.app-extension"; includeInIndex = 0; path = "Pesticide for Safari Extension.appex"; sourceTree = BUILT_PRODUCTS_DIR; };
		194DCDD225CB006200172860 /* Cocoa.framework */ = {isa = PBXFileReference; lastKnownFileType = wrapper.framework; name = Cocoa.framework; path = System/Library/Frameworks/Cocoa.framework; sourceTree = SDKROOT; };
		194DCDD525CB006200172860 /* SafariWebExtensionHandler.swift */ = {isa = PBXFileReference; lastKnownFileType = sourcecode.swift; path = SafariWebExtensionHandler.swift; sourceTree = "<group>"; };
		194DCDD725CB006200172860 /* Info.plist */ = {isa = PBXFileReference; lastKnownFileType = text.plist.xml; path = Info.plist; sourceTree = "<group>"; };
		194DCDD825CB006200172860 /* Pesticide_for_Safari_Extension.entitlements */ = {isa = PBXFileReference; lastKnownFileType = text.plist.entitlements; path = Pesticide_for_Safari_Extension.entitlements; sourceTree = "<group>"; };
		194DCDE325CB006300172860 /* pesticide-injector.js */ = {isa = PBXFileReference; lastKnownFileType = sourcecode.javascript; name = "pesticide-injector.js"; path = "Resources/pesticide-injector.js"; sourceTree = "<group>"; };
		194DCDE425CB006300172860 /* images */ = {isa = PBXFileReference; lastKnownFileType = folder; name = images; path = Resources/images; sourceTree = "<group>"; };
		194DCDE825CB006300172860 /* pesticide.min.css */ = {isa = PBXFileReference; lastKnownFileType = text.css; name = pesticide.min.css; path = Resources/pesticide.min.css; sourceTree = "<group>"; };
		194DCDEA25CB006300172860 /* manifest.json */ = {isa = PBXFileReference; lastKnownFileType = text.json; name = manifest.json; path = Resources/manifest.json; sourceTree = "<group>"; };
		199F68EF25CB4AB2004E1766 /* _locales */ = {isa = PBXFileReference; lastKnownFileType = folder; name = _locales; path = Resources/_locales; sourceTree = "<group>"; };
		199F68F725CB509D004E1766 /* background.js */ = {isa = PBXFileReference; lastKnownFileType = sourcecode.javascript; name = background.js; path = Resources/background.js; sourceTree = "<group>"; };
/* End PBXFileReference section */

/* Begin PBXFrameworksBuildPhase section */
		194DCDB825CB006000172860 /* Frameworks */ = {
			isa = PBXFrameworksBuildPhase;
			buildActionMask = 2147483647;
			files = (
			);
			runOnlyForDeploymentPostprocessing = 0;
		};
		194DCDCA25CB006200172860 /* Frameworks */ = {
			isa = PBXFrameworksBuildPhase;
			buildActionMask = 2147483647;
			files = (
				194DCDD325CB006200172860 /* Cocoa.framework in Frameworks */,
			);
			runOnlyForDeploymentPostprocessing = 0;
		};
/* End PBXFrameworksBuildPhase section */

/* Begin PBXGroup section */
		194DCDB225CB006000172860 = {
			isa = PBXGroup;
			children = (
				194DCDBD25CB006000172860 /* Pesticide for Safari */,
				194DCDD425CB006200172860 /* Pesticide for Safari Extension */,
				194DCDD125CB006200172860 /* Frameworks */,
				194DCDBC25CB006000172860 /* Products */,
			);
			sourceTree = "<group>";
		};
		194DCDBC25CB006000172860 /* Products */ = {
			isa = PBXGroup;
			children = (
				194DCDBB25CB006000172860 /* Pesticide for Safari.app */,
				194DCDCD25CB006200172860 /* Pesticide for Safari Extension.appex */,
			);
			name = Products;
			sourceTree = "<group>";
		};
		194DCDBD25CB006000172860 /* Pesticide for Safari */ = {
			isa = PBXGroup;
			children = (
				194DCDBE25CB006000172860 /* Pesticide_for_Safari.entitlements */,
				194DCDBF25CB006000172860 /* AppDelegate.swift */,
				194DCDC125CB006000172860 /* Main.storyboard */,
				194DCDC425CB006000172860 /* ViewController.swift */,
				194DCDC625CB006200172860 /* Assets.xcassets */,
				194DCDC825CB006200172860 /* Info.plist */,
			);
			path = "Pesticide for Safari";
			sourceTree = "<group>";
		};
		194DCDD125CB006200172860 /* Frameworks */ = {
			isa = PBXGroup;
			children = (
				194DCDD225CB006200172860 /* Cocoa.framework */,
			);
			name = Frameworks;
			sourceTree = "<group>";
		};
		194DCDD425CB006200172860 /* Pesticide for Safari Extension */ = {
			isa = PBXGroup;
			children = (
				194DCDE225CB006300172860 /* Resources */,
				194DCDD525CB006200172860 /* SafariWebExtensionHandler.swift */,
				194DCDD725CB006200172860 /* Info.plist */,
				194DCDD825CB006200172860 /* Pesticide_for_Safari_Extension.entitlements */,
			);
			path = "Pesticide for Safari Extension";
			sourceTree = "<group>";
		};
		194DCDE225CB006300172860 /* Resources */ = {
			isa = PBXGroup;
			children = (
				194DCDE325CB006300172860 /* pesticide-injector.js */,
				199F68EF25CB4AB2004E1766 /* _locales */,
				194DCDE425CB006300172860 /* images */,
				194DCDE825CB006300172860 /* pesticide.min.css */,
				194DCDEA25CB006300172860 /* manifest.json */,
				199F68F725CB509D004E1766 /* background.js */,
			);
			name = Resources;
			path = "Pesticide for Safari Extension";
			sourceTree = SOURCE_ROOT;
		};
/* End PBXGroup section */

/* Begin PBXNativeTarget section */
		194DCDBA25CB006000172860 /* Pesticide for Safari */ = {
			isa = PBXNativeTarget;
			buildConfigurationList = 194DCDDF25CB006200172860 /* Build configuration list for PBXNativeTarget "Pesticide for Safari" */;
			buildPhases = (
				194DCDB725CB006000172860 /* Sources */,
				194DCDB825CB006000172860 /* Frameworks */,
				194DCDB925CB006000172860 /* Resources */,
				194DCDDE25CB006200172860 /* Embed App Extensions */,
			);
			buildRules = (
			);
			dependencies = (
				194DCDD025CB006200172860 /* PBXTargetDependency */,
			);
			name = "Pesticide for Safari";
			productName = "Pesticide for Safari";
			productReference = 194DCDBB25CB006000172860 /* Pesticide for Safari.app */;
			productType = "com.apple.product-type.application";
		};
		194DCDCC25CB006200172860 /* Pesticide for Safari Extension */ = {
			isa = PBXNativeTarget;
			buildConfigurationList = 194DCDDB25CB006200172860 /* Build configuration list for PBXNativeTarget "Pesticide for Safari Extension" */;
			buildPhases = (
				194DCDC925CB006200172860 /* Sources */,
				194DCDCA25CB006200172860 /* Frameworks */,
				194DCDCB25CB006200172860 /* Resources */,
			);
			buildRules = (
			);
			dependencies = (
			);
			name = "Pesticide for Safari Extension";
			productName = "Pesticide for Safari Extension";
			productReference = 194DCDCD25CB006200172860 /* Pesticide for Safari Extension.appex */;
			productType = "com.apple.product-type.app-extension";
		};
/* End PBXNativeTarget section */

/* Begin PBXProject section */
		194DCDB325CB006000172860 /* Project object */ = {
			isa = PBXProject;
			attributes = {
				LastSwiftUpdateCheck = 1240;
				LastUpgradeCheck = 1240;
				TargetAttributes = {
					194DCDBA25CB006000172860 = {
						CreatedOnToolsVersion = 12.4;
					};
					194DCDCC25CB006200172860 = {
						CreatedOnToolsVersion = 12.4;
					};
				};
			};
			buildConfigurationList = 194DCDB625CB006000172860 /* Build configuration list for PBXProject "Pesticide for Safari" */;
			compatibilityVersion = "Xcode 9.3";
			developmentRegion = en;
			hasScannedForEncodings = 0;
			knownRegions = (
				en,
				Base,
			);
			mainGroup = 194DCDB225CB006000172860;
			productRefGroup = 194DCDBC25CB006000172860 /* Products */;
			projectDirPath = "";
			projectRoot = "";
			targets = (
				194DCDBA25CB006000172860 /* Pesticide for Safari */,
				194DCDCC25CB006200172860 /* Pesticide for Safari Extension */,
			);
		};
/* End PBXProject section */

/* Begin PBXResourcesBuildPhase section */
		194DCDB925CB006000172860 /* Resources */ = {
			isa = PBXResourcesBuildPhase;
			buildActionMask = 2147483647;
			files = (
				194DCDC725CB006200172860 /* Assets.xcassets in Resources */,
				194DCDC325CB006000172860 /* Main.storyboard in Resources */,
			);
			runOnlyForDeploymentPostprocessing = 0;
		};
		194DCDCB25CB006200172860 /* Resources */ = {
			isa = PBXResourcesBuildPhase;
			buildActionMask = 2147483647;
			files = (
				194DCDF125CB006300172860 /* pesticide.min.css in Resources */,
				194DCDF325CB006300172860 /* manifest.json in Resources */,
				194DCDED25CB006300172860 /* images in Resources */,
				199F68F025CB4AB2004E1766 /* _locales in Resources */,
				199F68F825CB509D004E1766 /* background.js in Resources */,
				194DCDEC25CB006300172860 /* pesticide-injector.js in Resources */,
			);
			runOnlyForDeploymentPostprocessing = 0;
		};
/* End PBXResourcesBuildPhase section */

/* Begin PBXSourcesBuildPhase section */
		194DCDB725CB006000172860 /* Sources */ = {
			isa = PBXSourcesBuildPhase;
			buildActionMask = 2147483647;
			files = (
				194DCDC525CB006000172860 /* ViewController.swift in Sources */,
				194DCDC025CB006000172860 /* AppDelegate.swift in Sources */,
			);
			runOnlyForDeploymentPostprocessing = 0;
		};
		194DCDC925CB006200172860 /* Sources */ = {
			isa = PBXSourcesBuildPhase;
			buildActionMask = 2147483647;
			files = (
				194DCDD625CB006200172860 /* SafariWebExtensionHandler.swift in Sources */,
			);
			runOnlyForDeploymentPostprocessing = 0;
		};
/* End PBXSourcesBuildPhase section */

/* Begin PBXTargetDependency section */
		194DCDD025CB006200172860 /* PBXTargetDependency */ = {
			isa = PBXTargetDependency;
			target = 194DCDCC25CB006200172860 /* Pesticide for Safari Extension */;
			targetProxy = 194DCDCF25CB006200172860 /* PBXContainerItemProxy */;
		};
/* End PBXTargetDependency section */

/* Begin PBXVariantGroup section */
		194DCDC125CB006000172860 /* Main.storyboard */ = {
			isa = PBXVariantGroup;
			children = (
				194DCDC225CB006000172860 /* Base */,
			);
			name = Main.storyboard;
			sourceTree = "<group>";
		};
/* End PBXVariantGroup section */

/* Begin XCBuildConfiguration section */
		194DCDD925CB006200172860 /* Debug */ = {
			isa = XCBuildConfiguration;
			buildSettings = {
				ALWAYS_SEARCH_USER_PATHS = NO;
				CLANG_ANALYZER_NONNULL = YES;
				CLANG_ANALYZER_NUMBER_OBJECT_CONVERSION = YES_AGGRESSIVE;
				CLANG_CXX_LANGUAGE_STANDARD = "gnu++14";
				CLANG_CXX_LIBRARY = "libc++";
				CLANG_ENABLE_MODULES = YES;
				CLANG_ENABLE_OBJC_ARC = YES;
				CLANG_ENABLE_OBJC_WEAK = YES;
				CLANG_WARN_BLOCK_CAPTURE_AUTORELEASING = YES;
				CLANG_WARN_BOOL_CONVERSION = YES;
				CLANG_WARN_COMMA = YES;
				CLANG_WARN_CONSTANT_CONVERSION = YES;
				CLANG_WARN_DEPRECATED_OBJC_IMPLEMENTATIONS = YES;
				CLANG_WARN_DIRECT_OBJC_ISA_USAGE = YES_ERROR;
				CLANG_WARN_DOCUMENTATION_COMMENTS = YES;
				CLANG_WARN_EMPTY_BODY = YES;
				CLANG_WARN_ENUM_CONVERSION = YES;
				CLANG_WARN_INFINITE_RECURSION = YES;
				CLANG_WARN_INT_CONVERSION = YES;
				CLANG_WARN_NON_LITERAL_NULL_CONVERSION = YES;
				CLANG_WARN_OBJC_IMPLICIT_RETAIN_SELF = YES;
				CLANG_WARN_OBJC_LITERAL_CONVERSION = YES;
				CLANG_WARN_OBJC_ROOT_CLASS = YES_ERROR;
				CLANG_WARN_QUOTED_INCLUDE_IN_FRAMEWORK_HEADER = YES;
				CLANG_WARN_RANGE_LOOP_ANALYSIS = YES;
				CLANG_WARN_STRICT_PROTOTYPES = YES;
				CLANG_WARN_SUSPICIOUS_MOVE = YES;
				CLANG_WARN_UNGUARDED_AVAILABILITY = YES_AGGRESSIVE;
				CLANG_WARN_UNREACHABLE_CODE = YES;
				CLANG_WARN__DUPLICATE_METHOD_MATCH = YES;
				COPY_PHASE_STRIP = NO;
				DEBUG_INFORMATION_FORMAT = dwarf;
				ENABLE_STRICT_OBJC_MSGSEND = YES;
				ENABLE_TESTABILITY = YES;
				GCC_C_LANGUAGE_STANDARD = gnu11;
				GCC_DYNAMIC_NO_PIC = NO;
				GCC_NO_COMMON_BLOCKS = YES;
				GCC_OPTIMIZATION_LEVEL = 0;
				GCC_PREPROCESSOR_DEFINITIONS = (
					"DEBUG=1",
					"$(inherited)",
				);
				GCC_WARN_64_TO_32_BIT_CONVERSION = YES;
				GCC_WARN_ABOUT_RETURN_TYPE = YES_ERROR;
				GCC_WARN_UNDECLARED_SELECTOR = YES;
				GCC_WARN_UNINITIALIZED_AUTOS = YES_AGGRESSIVE;
				GCC_WARN_UNUSED_FUNCTION = YES;
				GCC_WARN_UNUSED_VARIABLE = YES;
				MACOSX_DEPLOYMENT_TARGET = 11.1;
				MTL_ENABLE_DEBUG_INFO = INCLUDE_SOURCE;
				MTL_FAST_MATH = YES;
				ONLY_ACTIVE_ARCH = YES;
				SDKROOT = macosx;
				SWIFT_ACTIVE_COMPILATION_CONDITIONS = DEBUG;
				SWIFT_OPTIMIZATION_LEVEL = "-Onone";
			};
			name = Debug;
		};
		194DCDDA25CB006200172860 /* Release */ = {
			isa = XCBuildConfiguration;
			buildSettings = {
				ALWAYS_SEARCH_USER_PATHS = NO;
				CLANG_ANALYZER_NONNULL = YES;
				CLANG_ANALYZER_NUMBER_OBJECT_CONVERSION = YES_AGGRESSIVE;
				CLANG_CXX_LANGUAGE_STANDARD = "gnu++14";
				CLANG_CXX_LIBRARY = "libc++";
				CLANG_ENABLE_MODULES = YES;
				CLANG_ENABLE_OBJC_ARC = YES;
				CLANG_ENABLE_OBJC_WEAK = YES;
				CLANG_WARN_BLOCK_CAPTURE_AUTORELEASING = YES;
				CLANG_WARN_BOOL_CONVERSION = YES;
				CLANG_WARN_COMMA = YES;
				CLANG_WARN_CONSTANT_CONVERSION = YES;
				CLANG_WARN_DEPRECATED_OBJC_IMPLEMENTATIONS = YES;
				CLANG_WARN_DIRECT_OBJC_ISA_USAGE = YES_ERROR;
				CLANG_WARN_DOCUMENTATION_COMMENTS = YES;
				CLANG_WARN_EMPTY_BODY = YES;
				CLANG_WARN_ENUM_CONVERSION = YES;
				CLANG_WARN_INFINITE_RECURSION = YES;
				CLANG_WARN_INT_CONVERSION = YES;
				CLANG_WARN_NON_LITERAL_NULL_CONVERSION = YES;
				CLANG_WARN_OBJC_IMPLICIT_RETAIN_SELF = YES;
				CLANG_WARN_OBJC_LITERAL_CONVERSION = YES;
				CLANG_WARN_OBJC_ROOT_CLASS = YES_ERROR;
				CLANG_WARN_QUOTED_INCLUDE_IN_FRAMEWORK_HEADER = YES;
				CLANG_WARN_RANGE_LOOP_ANALYSIS = YES;
				CLANG_WARN_STRICT_PROTOTYPES = YES;
				CLANG_WARN_SUSPICIOUS_MOVE = YES;
				CLANG_WARN_UNGUARDED_AVAILABILITY = YES_AGGRESSIVE;
				CLANG_WARN_UNREACHABLE_CODE = YES;
				CLANG_WARN__DUPLICATE_METHOD_MATCH = YES;
				COPY_PHASE_STRIP = NO;
				DEBUG_INFORMATION_FORMAT = "dwarf-with-dsym";
				ENABLE_NS_ASSERTIONS = NO;
				ENABLE_STRICT_OBJC_MSGSEND = YES;
				GCC_C_LANGUAGE_STANDARD = gnu11;
				GCC_NO_COMMON_BLOCKS = YES;
				GCC_WARN_64_TO_32_BIT_CONVERSION = YES;
				GCC_WARN_ABOUT_RETURN_TYPE = YES_ERROR;
				GCC_WARN_UNDECLARED_SELECTOR = YES;
				GCC_WARN_UNINITIALIZED_AUTOS = YES_AGGRESSIVE;
				GCC_WARN_UNUSED_FUNCTION = YES;
				GCC_WARN_UNUSED_VARIABLE = YES;
				MACOSX_DEPLOYMENT_TARGET = 11.1;
				MTL_ENABLE_DEBUG_INFO = NO;
				MTL_FAST_MATH = YES;
				SDKROOT = macosx;
				SWIFT_COMPILATION_MODE = wholemodule;
				SWIFT_OPTIMIZATION_LEVEL = "-O";
			};
			name = Release;
		};
		194DCDDC25CB006200172860 /* Debug */ = {
			isa = XCBuildConfiguration;
			buildSettings = {
				ASSETCATALOG_COMPILER_APPICON_NAME = AppIcon;
				CODE_SIGN_ENTITLEMENTS = "Pesticide for Safari Extension/Pesticide_for_Safari_Extension.entitlements";
				CODE_SIGN_IDENTITY = "-";
				CODE_SIGN_STYLE = Automatic;
				CURRENT_PROJECT_VERSION = 9;
				DEVELOPMENT_TEAM = N8TL668TV9;
				INFOPLIST_FILE = "Pesticide for Safari Extension/Info.plist";
				LD_RUNPATH_SEARCH_PATHS = (
					"$(inherited)",
					"@executable_path/../Frameworks",
					"@executable_path/../../../../Frameworks",
				);
				MACOSX_DEPLOYMENT_TARGET = 10.14;
				PRODUCT_BUNDLE_IDENTIFIER = "com.crocbuzzstudios.Pesticide-for-Safari.Extension";
				PRODUCT_NAME = "$(TARGET_NAME)";
				SKIP_INSTALL = YES;
				SWIFT_VERSION = 5.0;
			};
			name = Debug;
		};
		194DCDDD25CB006200172860 /* Release */ = {
			isa = XCBuildConfiguration;
			buildSettings = {
				ASSETCATALOG_COMPILER_APPICON_NAME = AppIcon;
				CODE_SIGN_ENTITLEMENTS = "Pesticide for Safari Extension/Pesticide_for_Safari_Extension.entitlements";
				CODE_SIGN_IDENTITY = "-";
				CODE_SIGN_STYLE = Automatic;
				CURRENT_PROJECT_VERSION = 9;
				DEVELOPMENT_TEAM = N8TL668TV9;
				INFOPLIST_FILE = "Pesticide for Safari Extension/Info.plist";
				LD_RUNPATH_SEARCH_PATHS = (
					"$(inherited)",
					"@executable_path/../Frameworks",
					"@executable_path/../../../../Frameworks",
				);
				MACOSX_DEPLOYMENT_TARGET = 10.14;
				PRODUCT_BUNDLE_IDENTIFIER = "com.crocbuzzstudios.Pesticide-for-Safari.Extension";
				PRODUCT_NAME = "$(TARGET_NAME)";
				SKIP_INSTALL = YES;
				SWIFT_VERSION = 5.0;
			};
			name = Release;
		};
		194DCDE025CB006200172860 /* Debug */ = {
			isa = XCBuildConfiguration;
			buildSettings = {
				ALWAYS_EMBED_SWIFT_STANDARD_LIBRARIES = YES;
				ASSETCATALOG_COMPILER_APPICON_NAME = AppIcon;
				ASSETCATALOG_COMPILER_GLOBAL_ACCENT_COLOR_NAME = AccentColor;
				CODE_SIGN_ENTITLEMENTS = "Pesticide for Safari/Pesticide_for_Safari.entitlements";
				CODE_SIGN_IDENTITY = "-";
				CODE_SIGN_STYLE = Automatic;
				COMBINE_HIDPI_IMAGES = YES;
				CURRENT_PROJECT_VERSION = 9;
				DEVELOPMENT_TEAM = N8TL668TV9;
				INFOPLIST_FILE = "Pesticide for Safari/Info.plist";
				LD_RUNPATH_SEARCH_PATHS = (
					"$(inherited)",
					"@executable_path/../Frameworks",
				);
				MACOSX_DEPLOYMENT_TARGET = 10.14;
				PRODUCT_BUNDLE_IDENTIFIER = "com.crocbuzzstudios.Pesticide-for-Safari";
				PRODUCT_NAME = "$(TARGET_NAME)";
				SWIFT_VERSION = 5.0;
			};
			name = Debug;
		};
		194DCDE125CB006200172860 /* Release */ = {
			isa = XCBuildConfiguration;
			buildSettings = {
				ALWAYS_EMBED_SWIFT_STANDARD_LIBRARIES = YES;
				ASSETCATALOG_COMPILER_APPICON_NAME = AppIcon;
				ASSETCATALOG_COMPILER_GLOBAL_ACCENT_COLOR_NAME = AccentColor;
				CODE_SIGN_ENTITLEMENTS = "Pesticide for Safari/Pesticide_for_Safari.entitlements";
				CODE_SIGN_IDENTITY = "-";
				CODE_SIGN_STYLE = Automatic;
				COMBINE_HIDPI_IMAGES = YES;
				CURRENT_PROJECT_VERSION = 9;
				DEVELOPMENT_TEAM = N8TL668TV9;
				INFOPLIST_FILE = "Pesticide for Safari/Info.plist";
				LD_RUNPATH_SEARCH_PATHS = (
					"$(inherited)",
					"@executable_path/../Frameworks",
				);
				MACOSX_DEPLOYMENT_TARGET = 10.14;
				PRODUCT_BUNDLE_IDENTIFIER = "com.crocbuzzstudios.Pesticide-for-Safari";
				PRODUCT_NAME = "$(TARGET_NAME)";
				SWIFT_VERSION = 5.0;
			};
			name = Release;
		};
/* End XCBuildConfiguration section */

/* Begin XCConfigurationList section */
		194DCDB625CB006000172860 /* Build configuration list for PBXProject "Pesticide for Safari" */ = {
			isa = XCConfigurationList;
			buildConfigurations = (
				194DCDD925CB006200172860 /* Debug */,
				194DCDDA25CB006200172860 /* Release */,
			);
			defaultConfigurationIsVisible = 0;
			defaultConfigurationName = Release;
		};
		194DCDDB25CB006200172860 /* Build configuration list for PBXNativeTarget "Pesticide for Safari Extension" */ = {
			isa = XCConfigurationList;
			buildConfigurations = (
				194DCDDC25CB006200172860 /* Debug */,
				194DCDDD25CB006200172860 /* Release */,
			);
			defaultConfigurationIsVisible = 0;
			defaultConfigurationName = Release;
		};
		194DCDDF25CB006200172860 /* Build configuration list for PBXNativeTarget "Pesticide for Safari" */ = {
			isa = XCConfigurationList;
			buildConfigurations = (
				194DCDE025CB006200172860 /* Debug */,
				194DCDE125CB006200172860 /* Release */,
			);
			defaultConfigurationIsVisible = 0;
			defaultConfigurationName = Release;
		};
/* End XCConfigurationList section */
	};
	rootObject = 194DCDB325CB006000172860 /* Project object */;
}
